// !$*UTF8*$!
{
	archiveVersion = 1;
	classes = {
	};
	objectVersion = 48;
	objects = {

/* Begin PBXBuildFile section */
		6B6D2E362043ACDC00F2A585 /* libJTPlayer.a in Frameworks */ = {isa = PBXBuildFile; fileRef = 6B6D2E372043ACDC00F2A585 /* libJTPlayer.a */; };
		6B9259F31FE2697900B41E15 /* AppDelegate.m in Sources */ = {isa = PBXBuildFile; fileRef = 6B9259F21FE2697900B41E15 /* AppDelegate.m */; };
		6B9259F61FE2697900B41E15 /* AVPlayerLayerViewController.m in Sources */ = {isa = PBXBuildFile; fileRef = 6B9259F51FE2697900B41E15 /* AVPlayerLayerViewController.m */; };
		6B9259F91FE2697900B41E15 /* Main.storyboard in Resources */ = {isa = PBXBuildFile; fileRef = 6B9259F71FE2697900B41E15 /* Main.storyboard */; };
		6B9259FB1FE2697900B41E15 /* Assets.xcassets in Resources */ = {isa = PBXBuildFile; fileRef = 6B9259FA1FE2697900B41E15 /* Assets.xcassets */; };
		6B9259FE1FE2697900B41E15 /* LaunchScreen.storyboard in Resources */ = {isa = PBXBuildFile; fileRef = 6B9259FC1FE2697900B41E15 /* LaunchScreen.storyboard */; };
		6B925A011FE2697900B41E15 /* main.m in Sources */ = {isa = PBXBuildFile; fileRef = 6B925A001FE2697900B41E15 /* main.m */; };
		6B925A0F1FE26B8100B41E15 /* PlayerPreview.m in Sources */ = {isa = PBXBuildFile; fileRef = 6B925A0E1FE26B8100B41E15 /* PlayerPreview.m */; };
		6BAACAEA20610C06006A650B /* TheOscars.mp4 in Resources */ = {isa = PBXBuildFile; fileRef = 6BAACAE920610C06006A650B /* TheOscars.mp4 */; };
		6BBDD5961FE36DEB00406037 /* APLEAGLView.m in Sources */ = {isa = PBXBuildFile; fileRef = 6BBDD5911FE36DEA00406037 /* APLEAGLView.m */; };
		6BBDD5991FE370AF00406037 /* CAEAGLLayerViewController.m in Sources */ = {isa = PBXBuildFile; fileRef = 6BBDD5981FE370AF00406037 /* CAEAGLLayerViewController.m */; };
		6BBDD59A1FE3797A00406037 /* Shader.fsh in Resources */ = {isa = PBXBuildFile; fileRef = 6BBDD5941FE36DEA00406037 /* Shader.fsh */; };
		6BBDD59B1FE3797D00406037 /* Shader.vsh in Resources */ = {isa = PBXBuildFile; fileRef = 6BBDD5951FE36DEA00406037 /* Shader.vsh */; };
/* End PBXBuildFile section */

/* Begin PBXFileReference section */
		6B6D2E372043ACDC00F2A585 /* libJTPlayer.a */ = {isa = PBXFileReference; explicitFileType = archive.ar; path = libJTPlayer.a; sourceTree = BUILT_PRODUCTS_DIR; };
		6B9259EE1FE2697900B41E15 /* PlayerDemo.app */ = {isa = PBXFileReference; explicitFileType = wrapper.application; includeInIndex = 0; path = PlayerDemo.app; sourceTree = BUILT_PRODUCTS_DIR; };
		6B9259F11FE2697900B41E15 /* AppDelegate.h */ = {isa = PBXFileReference; lastKnownFileType = sourcecode.c.h; path = AppDelegate.h; sourceTree = "<group>"; };
		6B9259F21FE2697900B41E15 /* AppDelegate.m */ = {isa = PBXFileReference; lastKnownFileType = sourcecode.c.objc; path = AppDelegate.m; sourceTree = "<group>"; };
		6B9259F41FE2697900B41E15 /* AVPlayerLayerViewController.h */ = {isa = PBXFileReference; lastKnownFileType = sourcecode.c.h; path = AVPlayerLayerViewController.h; sourceTree = "<group>"; };
		6B9259F51FE2697900B41E15 /* AVPlayerLayerViewController.m */ = {isa = PBXFileReference; lastKnownFileType = sourcecode.c.objc; path = AVPlayerLayerViewController.m; sourceTree = "<group>"; };
		6B9259F81FE2697900B41E15 /* Base */ = {isa = PBXFileReference; lastKnownFileType = file.storyboard; name = Base; path = Base.lproj/Main.storyboard; sourceTree = "<group>"; };
		6B9259FA1FE2697900B41E15 /* Assets.xcassets */ = {isa = PBXFileReference; lastKnownFileType = folder.assetcatalog; path = Assets.xcassets; sourceTree = "<group>"; };
		6B9259FD1FE2697900B41E15 /* Base */ = {isa = PBXFileReference; lastKnownFileType = file.storyboard; name = Base; path = Base.lproj/LaunchScreen.storyboard; sourceTree = "<group>"; };
		6B9259FF1FE2697900B41E15 /* Info.plist */ = {isa = PBXFileReference; lastKnownFileType = text.plist.xml; path = Info.plist; sourceTree = "<group>"; };
		6B925A001FE2697900B41E15 /* main.m */ = {isa = PBXFileReference; lastKnownFileType = sourcecode.c.objc; path = main.m; sourceTree = "<group>"; };
		6B925A0D1FE26B8100B41E15 /* PlayerPreview.h */ = {isa = PBXFileReference; lastKnownFileType = sourcecode.c.h; path = PlayerPreview.h; sourceTree = "<group>"; };
		6B925A0E1FE26B8100B41E15 /* PlayerPreview.m */ = {isa = PBXFileReference; lastKnownFileType = sourcecode.c.objc; path = PlayerPreview.m; sourceTree = "<group>"; };
		6BAACAE920610C06006A650B /* TheOscars.mp4 */ = {isa = PBXFileReference; lastKnownFileType = file; path = TheOscars.mp4; sourceTree = "<group>"; };
		6BBDD5911FE36DEA00406037 /* APLEAGLView.m */ = {isa = PBXFileReference; lastKnownFileType = sourcecode.c.objc; path = APLEAGLView.m; sourceTree = "<group>"; };
		6BBDD5921FE36DEA00406037 /* APLEAGLView.h */ = {isa = PBXFileReference; lastKnownFileType = sourcecode.c.h; path = APLEAGLView.h; sourceTree = "<group>"; };
		6BBDD5941FE36DEA00406037 /* Shader.fsh */ = {isa = PBXFileReference; lastKnownFileType = sourcecode.glsl; path = Shader.fsh; sourceTree = "<group>"; };
		6BBDD5951FE36DEA00406037 /* Shader.vsh */ = {isa = PBXFileReference; lastKnownFileType = sourcecode.glsl; path = Shader.vsh; sourceTree = "<group>"; };
		6BBDD5971FE370AF00406037 /* CAEAGLLayerViewController.h */ = {isa = PBXFileReference; lastKnownFileType = sourcecode.c.h; path = CAEAGLLayerViewController.h; sourceTree = "<group>"; };
		6BBDD5981FE370AF00406037 /* CAEAGLLayerViewController.m */ = {isa = PBXFileReference; lastKnownFileType = sourcecode.c.objc; path = CAEAGLLayerViewController.m; sourceTree = "<group>"; };
/* End PBXFileReference section */

/* Begin PBXFrameworksBuildPhase section */
		6B9259EB1FE2697900B41E15 /* Frameworks */ = {
			isa = PBXFrameworksBuildPhase;
			buildActionMask = 2147483647;
			files = (
				6B6D2E362043ACDC00F2A585 /* libJTPlayer.a in Frameworks */,
			);
			runOnlyForDeploymentPostprocessing = 0;
		};
/* End PBXFrameworksBuildPhase section */

/* Begin PBXGroup section */
		6B9259E51FE2697900B41E15 = {
			isa = PBXGroup;
			children = (
				6B9259F01FE2697900B41E15 /* PlayerDemo */,
				6B9259EF1FE2697900B41E15 /* Products */,
				6B925A081FE269CF00B41E15 /* Frameworks */,
			);
			sourceTree = "<group>";
		};
		6B9259EF1FE2697900B41E15 /* Products */ = {
			isa = PBXGroup;
			children = (
				6B9259EE1FE2697900B41E15 /* PlayerDemo.app */,
			);
			name = Products;
			sourceTree = "<group>";
		};
		6B9259F01FE2697900B41E15 /* PlayerDemo */ = {
			isa = PBXGroup;
			children = (
				6B9259F11FE2697900B41E15 /* AppDelegate.h */,
				6B9259F21FE2697900B41E15 /* AppDelegate.m */,
				6B9259F71FE2697900B41E15 /* Main.storyboard */,
				6BAACAE920610C06006A650B /* TheOscars.mp4 */,
				6BBDD59C1FE37A5B00406037 /* AVPlayerLayer */,
				6BBDD59D1FE37A6900406037 /* CAEAGLLayer */,
				6BBDD59E1FE37ABE00406037 /* Support File */,
			);
			path = PlayerDemo;
			sourceTree = "<group>";
		};
		6B925A081FE269CF00B41E15 /* Frameworks */ = {
			isa = PBXGroup;
			children = (
				6B6D2E372043ACDC00F2A585 /* libJTPlayer.a */,
			);
			name = Frameworks;
			sourceTree = "<group>";
		};
		6BBDD5931FE36DEA00406037 /* Shaders */ = {
			isa = PBXGroup;
			children = (
				6BBDD5941FE36DEA00406037 /* Shader.fsh */,
				6BBDD5951FE36DEA00406037 /* Shader.vsh */,
			);
			path = Shaders;
			sourceTree = "<group>";
		};
		6BBDD59C1FE37A5B00406037 /* AVPlayerLayer */ = {
			isa = PBXGroup;
			children = (
				6B9259F41FE2697900B41E15 /* AVPlayerLayerViewController.h */,
				6B9259F51FE2697900B41E15 /* AVPlayerLayerViewController.m */,
				6B925A0D1FE26B8100B41E15 /* PlayerPreview.h */,
				6B925A0E1FE26B8100B41E15 /* PlayerPreview.m */,
			);
			path = AVPlayerLayer;
			sourceTree = "<group>";
		};
		6BBDD59D1FE37A6900406037 /* CAEAGLLayer */ = {
			isa = PBXGroup;
			children = (
				6BBDD5971FE370AF00406037 /* CAEAGLLayerViewController.h */,
				6BBDD5981FE370AF00406037 /* CAEAGLLayerViewController.m */,
				6BBDD5921FE36DEA00406037 /* APLEAGLView.h */,
				6BBDD5911FE36DEA00406037 /* APLEAGLView.m */,
				6BBDD5931FE36DEA00406037 /* Shaders */,
			);
			path = CAEAGLLayer;
			sourceTree = "<group>";
		};
		6BBDD59E1FE37ABE00406037 /* Support File */ = {
			isa = PBXGroup;
			children = (
				6B9259FA1FE2697900B41E15 /* Assets.xcassets */,
				6B9259FC1FE2697900B41E15 /* LaunchScreen.storyboard */,
				6B9259FF1FE2697900B41E15 /* Info.plist */,
				6B925A001FE2697900B41E15 /* main.m */,
			);
			name = "Support File";
			sourceTree = "<group>";
		};
/* End PBXGroup section */

/* Begin PBXNativeTarget section */
		6B9259ED1FE2697900B41E15 /* PlayerDemo */ = {
			isa = PBXNativeTarget;
			buildConfigurationList = 6B925A041FE2697900B41E15 /* Build configuration list for PBXNativeTarget "PlayerDemo" */;
			buildPhases = (
				6B9259EA1FE2697900B41E15 /* Sources */,
				6B9259EB1FE2697900B41E15 /* Frameworks */,
				6B9259EC1FE2697900B41E15 /* Resources */,
			);
			buildRules = (
			);
			dependencies = (
			);
			name = PlayerDemo;
			productName = PlayerDemo;
			productReference = 6B9259EE1FE2697900B41E15 /* PlayerDemo.app */;
			productType = "com.apple.product-type.application";
		};
/* End PBXNativeTarget section */

/* Begin PBXProject section */
		6B9259E61FE2697900B41E15 /* Project object */ = {
			isa = PBXProject;
			attributes = {
				LastUpgradeCheck = 0900;
				ORGANIZATIONNAME = "JT (ma.jiangtao.86@gmail.com)";
				TargetAttributes = {
					6B9259ED1FE2697900B41E15 = {
						CreatedOnToolsVersion = 9.0;
						ProvisioningStyle = Automatic;
					};
				};
			};
			buildConfigurationList = 6B9259E91FE2697900B41E15 /* Build configuration list for PBXProject "PlayerDemo" */;
			compatibilityVersion = "Xcode 8.0";
			developmentRegion = en;
			hasScannedForEncodings = 0;
			knownRegions = (
				en,
				Base,
			);
			mainGroup = 6B9259E51FE2697900B41E15;
			productRefGroup = 6B9259EF1FE2697900B41E15 /* Products */;
			projectDirPath = "";
			projectRoot = "";
			targets = (
				6B9259ED1FE2697900B41E15 /* PlayerDemo */,
			);
		};
/* End PBXProject section */

/* Begin PBXResourcesBuildPhase section */
		6B9259EC1FE2697900B41E15 /* Resources */ = {
			isa = PBXResourcesBuildPhase;
			buildActionMask = 2147483647;
			files = (
				6BBDD59A1FE3797A00406037 /* Shader.fsh in Resources */,
				6B9259FE1FE2697900B41E15 /* LaunchScreen.storyboard in Resources */,
				6BAACAEA20610C06006A650B /* TheOscars.mp4 in Resources */,
				6B9259FB1FE2697900B41E15 /* Assets.xcassets in Resources */,
				6B9259F91FE2697900B41E15 /* Main.storyboard in Resources */,
				6BBDD59B1FE3797D00406037 /* Shader.vsh in Resources */,
			);
			runOnlyForDeploymentPostprocessing = 0;
		};
/* End PBXResourcesBuildPhase section */

/* Begin PBXSourcesBuildPhase section */
		6B9259EA1FE2697900B41E15 /* Sources */ = {
			isa = PBXSourcesBuildPhase;
			buildActionMask = 2147483647;
			files = (
				6B9259F61FE2697900B41E15 /* AVPlayerLayerViewController.m in Sources */,
				6B925A0F1FE26B8100B41E15 /* PlayerPreview.m in Sources */,
				6BBDD5961FE36DEB00406037 /* APLEAGLView.m in Sources */,
				6BBDD5991FE370AF00406037 /* CAEAGLLayerViewController.m in Sources */,
				6B925A011FE2697900B41E15 /* main.m in Sources */,
				6B9259F31FE2697900B41E15 /* AppDelegate.m in Sources */,
			);
			runOnlyForDeploymentPostprocessing = 0;
		};
/* End PBXSourcesBuildPhase section */

/* Begin PBXVariantGroup section */
		6B9259F71FE2697900B41E15 /* Main.storyboard */ = {
			isa = PBXVariantGroup;
			children = (
				6B9259F81FE2697900B41E15 /* Base */,
			);
			name = Main.storyboard;
			sourceTree = "<group>";
		};
		6B9259FC1FE2697900B41E15 /* LaunchScreen.storyboard */ = {
			isa = PBXVariantGroup;
			children = (
				6B9259FD1FE2697900B41E15 /* Base */,
			);
			name = LaunchScreen.storyboard;
			sourceTree = "<group>";
		};
/* End PBXVariantGroup section */

/* Begin XCBuildConfiguration section */
		6B925A021FE2697900B41E15 /* Debug */ = {
			isa = XCBuildConfiguration;
			buildSettings = {
				ALWAYS_SEARCH_USER_PATHS = NO;
				CLANG_ANALYZER_NONNULL = YES;
				CLANG_ANALYZER_NUMBER_OBJECT_CONVERSION = YES_AGGRESSIVE;
				CLANG_CXX_LANGUAGE_STANDARD = "gnu++14";
				CLANG_CXX_LIBRARY = "libc++";
				CLANG_ENABLE_MODULES = YES;
				CLANG_ENABLE_OBJC_ARC = YES;
				CLANG_WARN_BLOCK_CAPTURE_AUTORELEASING = YES;
				CLANG_WARN_BOOL_CONVERSION = YES;
				CLANG_WARN_COMMA = YES;
				CLANG_WARN_CONSTANT_CONVERSION = YES;
				CLANG_WARN_DIRECT_OBJC_ISA_USAGE = YES_ERROR;
				CLANG_WARN_DOCUMENTATION_COMMENTS = YES;
				CLANG_WARN_EMPTY_BODY = YES;
				CLANG_WARN_ENUM_CONVERSION = YES;
				CLANG_WARN_INFINITE_RECURSION = YES;
				CLANG_WARN_INT_CONVERSION = YES;
				CLANG_WARN_NON_LITERAL_NULL_CONVERSION = YES;
				CLANG_WARN_OBJC_LITERAL_CONVERSION = YES;
				CLANG_WARN_OBJC_ROOT_CLASS = YES_ERROR;
				CLANG_WARN_RANGE_LOOP_ANALYSIS = YES;
				CLANG_WARN_STRICT_PROTOTYPES = YES;
				CLANG_WARN_SUSPICIOUS_MOVE = YES;
				CLANG_WARN_UNGUARDED_AVAILABILITY = YES_AGGRESSIVE;
				CLANG_WARN_UNREACHABLE_CODE = YES;
				CLANG_WARN__DUPLICATE_METHOD_MATCH = YES;
				CODE_SIGN_IDENTITY = "iPhone Developer";
				COPY_PHASE_STRIP = NO;
				DEBUG_INFORMATION_FORMAT = dwarf;
				ENABLE_STRICT_OBJC_MSGSEND = YES;
				ENABLE_TESTABILITY = YES;
				GCC_C_LANGUAGE_STANDARD = gnu11;
				GCC_DYNAMIC_NO_PIC = NO;
				GCC_NO_COMMON_BLOCKS = YES;
				GCC_OPTIMIZATION_LEVEL = 0;
				GCC_PREPROCESSOR_DEFINITIONS = (
					"DEBUG=1",
					"$(inherited)",
				);
				GCC_WARN_64_TO_32_BIT_CONVERSION = YES;
				GCC_WARN_ABOUT_RETURN_TYPE = YES_ERROR;
				GCC_WARN_UNDECLARED_SELECTOR = YES;
				GCC_WARN_UNINITIALIZED_AUTOS = YES_AGGRESSIVE;
				GCC_WARN_UNUSED_FUNCTION = YES;
				GCC_WARN_UNUSED_VARIABLE = YES;
				IPHONEOS_DEPLOYMENT_TARGET = 11.0;
				MTL_ENABLE_DEBUG_INFO = YES;
				ONLY_ACTIVE_ARCH = YES;
				SDKROOT = iphoneos;
			};
			name = Debug;
		};
		6B925A031FE2697900B41E15 /* Release */ = {
			isa = XCBuildConfiguration;
			buildSettings = {
				ALWAYS_SEARCH_USER_PATHS = NO;
				CLANG_ANALYZER_NONNULL = YES;
				CLANG_ANALYZER_NUMBER_OBJECT_CONVERSION = YES_AGGRESSIVE;
				CLANG_CXX_LANGUAGE_STANDARD = "gnu++14";
				CLANG_CXX_LIBRARY = "libc++";
				CLANG_ENABLE_MODULES = YES;
				CLANG_ENABLE_OBJC_ARC = YES;
				CLANG_WARN_BLOCK_CAPTURE_AUTORELEASING = YES;
				CLANG_WARN_BOOL_CONVERSION = YES;
				CLANG_WARN_COMMA = YES;
				CLANG_WARN_CONSTANT_CONVERSION = YES;
				CLANG_WARN_DIRECT_OBJC_ISA_USAGE = YES_ERROR;
				CLANG_WARN_DOCUMENTATION_COMMENTS = YES;
				CLANG_WARN_EMPTY_BODY = YES;
				CLANG_WARN_ENUM_CONVERSION = YES;
				CLANG_WARN_INFINITE_RECURSION = YES;
				CLANG_WARN_INT_CONVERSION = YES;
				CLANG_WARN_NON_LITERAL_NULL_CONVERSION = YES;
				CLANG_WARN_OBJC_LITERAL_CONVERSION = YES;
				CLANG_WARN_OBJC_ROOT_CLASS = YES_ERROR;
				CLANG_WARN_RANGE_LOOP_ANALYSIS = YES;
				CLANG_WARN_STRICT_PROTOTYPES = YES;
				CLANG_WARN_SUSPICIOUS_MOVE = YES;
				CLANG_WARN_UNGUARDED_AVAILABILITY = YES_AGGRESSIVE;
				CLANG_WARN_UNREACHABLE_CODE = YES;
				CLANG_WARN__DUPLICATE_METHOD_MATCH = YES;
				CODE_SIGN_IDENTITY = "iPhone Developer";
				COPY_PHASE_STRIP = NO;
				DEBUG_INFORMATION_FORMAT = "dwarf-with-dsym";
				ENABLE_NS_ASSERTIONS = NO;
				ENABLE_STRICT_OBJC_MSGSEND = YES;
				GCC_C_LANGUAGE_STANDARD = gnu11;
				GCC_NO_COMMON_BLOCKS = YES;
				GCC_WARN_64_TO_32_BIT_CONVERSION = YES;
				GCC_WARN_ABOUT_RETURN_TYPE = YES_ERROR;
				GCC_WARN_UNDECLARED_SELECTOR = YES;
				GCC_WARN_UNINITIALIZED_AUTOS = YES_AGGRESSIVE;
				GCC_WARN_UNUSED_FUNCTION = YES;
				GCC_WARN_UNUSED_VARIABLE = YES;
				IPHONEOS_DEPLOYMENT_TARGET = 11.0;
				MTL_ENABLE_DEBUG_INFO = NO;
				SDKROOT = iphoneos;
				VALIDATE_PRODUCT = YES;
			};
			name = Release;
		};
		6B925A051FE2697900B41E15 /* Debug */ = {
			isa = XCBuildConfiguration;
			buildSettings = {
				ASSETCATALOG_COMPILER_APPICON_NAME = AppIcon;
				CODE_SIGN_STYLE = Automatic;
				DEVELOPMENT_TEAM = C94329WK33;
				FRAMEWORK_SEARCH_PATHS = (
					"$(inherited)",
					"$(PROJECT_DIR)",
				);
				INFOPLIST_FILE = PlayerDemo/Info.plist;
				LD_RUNPATH_SEARCH_PATHS = "$(inherited) @executable_path/Frameworks";
				PRODUCT_BUNDLE_IDENTIFIER = com.hiscene.PlayerDemo;
				PRODUCT_NAME = "$(TARGET_NAME)";
				TARGETED_DEVICE_FAMILY = "1,2";
			};
			name = Debug;
		};
		6B925A061FE2697900B41E15 /* Release */ = {
			isa = XCBuildConfiguration;
			buildSettings = {
				ASSETCATALOG_COMPILER_APPICON_NAME = AppIcon;
				CODE_SIGN_STYLE = Automatic;
				DEVELOPMENT_TEAM = C94329WK33;
				FRAMEWORK_SEARCH_PATHS = (
					"$(inherited)",
					"$(PROJECT_DIR)",
				);
				INFOPLIST_FILE = PlayerDemo/Info.plist;
				LD_RUNPATH_SEARCH_PATHS = "$(inherited) @executable_path/Frameworks";
				PRODUCT_BUNDLE_IDENTIFIER = com.hiscene.PlayerDemo;
				PRODUCT_NAME = "$(TARGET_NAME)";
				TARGETED_DEVICE_FAMILY = "1,2";
			};
			name = Release;
		};
/* End XCBuildConfiguration section */

/* Begin XCConfigurationList section */
		6B9259E91FE2697900B41E15 /* Build configuration list for PBXProject "PlayerDemo" */ = {
			isa = XCConfigurationList;
			buildConfigurations = (
				6B925A021FE2697900B41E15 /* Debug */,
				6B925A031FE2697900B41E15 /* Release */,
			);
			defaultConfigurationIsVisible = 0;
			defaultConfigurationName = Release;
		};
		6B925A041FE2697900B41E15 /* Build configuration list for PBXNativeTarget "PlayerDemo" */ = {
			isa = XCConfigurationList;
			buildConfigurations = (
				6B925A051FE2697900B41E15 /* Debug */,
				6B925A061FE2697900B41E15 /* Release */,
			);
			defaultConfigurationIsVisible = 0;
			defaultConfigurationName = Release;
		};
/* End XCConfigurationList section */
	};
	rootObject = 6B9259E61FE2697900B41E15 /* Project object */;
}
